// !$*UTF8*$!
{
	archiveVersion = 1;
	classes = {
	};
	objectVersion = 46;
	objects = {

/* Begin PBXBuildFile section */
		F40D9DC01E4B0ADC0076F165 /* AppDelegate.swift in Sources */ = {isa = PBXBuildFile; fileRef = F40D9DBF1E4B0ADC0076F165 /* AppDelegate.swift */; };
		F40D9DC21E4B0ADC0076F165 /* ViewController.swift in Sources */ = {isa = PBXBuildFile; fileRef = F40D9DC11E4B0ADC0076F165 /* ViewController.swift */; };
		F40D9DC51E4B0ADC0076F165 /* Main.storyboard in Resources */ = {isa = PBXBuildFile; fileRef = F40D9DC31E4B0ADC0076F165 /* Main.storyboard */; };
		F40D9DC71E4B0ADC0076F165 /* Assets.xcassets in Resources */ = {isa = PBXBuildFile; fileRef = F40D9DC61E4B0ADC0076F165 /* Assets.xcassets */; };
		F40D9DCA1E4B0ADC0076F165 /* LaunchScreen.storyboard in Resources */ = {isa = PBXBuildFile; fileRef = F40D9DC81E4B0ADC0076F165 /* LaunchScreen.storyboard */; };
		F40D9DD21E4B0D900076F165 /* CEViewExtension.swift in Sources */ = {isa = PBXBuildFile; fileRef = F40D9DD11E4B0D900076F165 /* CEViewExtension.swift */; };
/* End PBXBuildFile section */

/* Begin PBXFileReference section */
		F40D9DBC1E4B0ADC0076F165 /* CGAffineTransformDemo.app */ = {isa = PBXFileReference; explicitFileType = wrapper.application; includeInIndex = 0; path = CGAffineTransformDemo.app; sourceTree = BUILT_PRODUCTS_DIR; };
		F40D9DBF1E4B0ADC0076F165 /* AppDelegate.swift */ = {isa = PBXFileReference; lastKnownFileType = sourcecode.swift; path = AppDelegate.swift; sourceTree = "<group>"; };
		F40D9DC11E4B0ADC0076F165 /* ViewController.swift */ = {isa = PBXFileReference; lastKnownFileType = sourcecode.swift; path = ViewController.swift; sourceTree = "<group>"; };
		F40D9DC41E4B0ADC0076F165 /* Base */ = {isa = PBXFileReference; lastKnownFileType = file.storyboard; name = Base; path = Base.lproj/Main.storyboard; sourceTree = "<group>"; };
		F40D9DC61E4B0ADC0076F165 /* Assets.xcassets */ = {isa = PBXFileReference; lastKnownFileType = folder.assetcatalog; path = Assets.xcassets; sourceTree = "<group>"; };
		F40D9DC91E4B0ADC0076F165 /* Base */ = {isa = PBXFileReference; lastKnownFileType = file.storyboard; name = Base; path = Base.lproj/LaunchScreen.storyboard; sourceTree = "<group>"; };
		F40D9DCB1E4B0ADC0076F165 /* Info.plist */ = {isa = PBXFileReference; lastKnownFileType = text.plist.xml; path = Info.plist; sourceTree = "<group>"; };
		F40D9DD11E4B0D900076F165 /* CEViewExtension.swift */ = {isa = PBXFileReference; fileEncoding = 4; lastKnownFileType = sourcecode.swift; path = CEViewExtension.swift; sourceTree = "<group>"; };
/* End PBXFileReference section */

/* Begin PBXFrameworksBuildPhase section */
		F40D9DB91E4B0ADC0076F165 /* Frameworks */ = {
			isa = PBXFrameworksBuildPhase;
			buildActionMask = 2147483647;
			files = (
			);
			runOnlyForDeploymentPostprocessing = 0;
		};
/* End PBXFrameworksBuildPhase section */

/* Begin PBXGroup section */
		F40D9DB31E4B0ADC0076F165 = {
			isa = PBXGroup;
			children = (
				F40D9DBE1E4B0ADC0076F165 /* CGAffineTransformDemo */,
				F40D9DBD1E4B0ADC0076F165 /* Products */,
			);
			sourceTree = "<group>";
		};
		F40D9DBD1E4B0ADC0076F165 /* Products */ = {
			isa = PBXGroup;
			children = (
				F40D9DBC1E4B0ADC0076F165 /* CGAffineTransformDemo.app */,
			);
			name = Products;
			sourceTree = "<group>";
		};
		F40D9DBE1E4B0ADC0076F165 /* CGAffineTransformDemo */ = {
			isa = PBXGroup;
			children = (
				F40D9DD11E4B0D900076F165 /* CEViewExtension.swift */,
				F40D9DBF1E4B0ADC0076F165 /* AppDelegate.swift */,
				F40D9DC11E4B0ADC0076F165 /* ViewController.swift */,
				F40D9DC31E4B0ADC0076F165 /* Main.storyboard */,
				F40D9DC61E4B0ADC0076F165 /* Assets.xcassets */,
				F40D9DC81E4B0ADC0076F165 /* LaunchScreen.storyboard */,
				F40D9DCB1E4B0ADC0076F165 /* Info.plist */,
			);
			path = CGAffineTransformDemo;
			sourceTree = "<group>";
		};
/* End PBXGroup section */

/* Begin PBXNativeTarget section */
		F40D9DBB1E4B0ADC0076F165 /* CGAffineTransformDemo */ = {
			isa = PBXNativeTarget;
			buildConfigurationList = F40D9DCE1E4B0ADC0076F165 /* Build configuration list for PBXNativeTarget "CGAffineTransformDemo" */;
			buildPhases = (
				F40D9DB81E4B0ADC0076F165 /* Sources */,
				F40D9DB91E4B0ADC0076F165 /* Frameworks */,
				F40D9DBA1E4B0ADC0076F165 /* Resources */,
			);
			buildRules = (
			);
			dependencies = (
			);
			name = CGAffineTransformDemo;
			productName = CGAffineTransformDemo;
			productReference = F40D9DBC1E4B0ADC0076F165 /* CGAffineTransformDemo.app */;
			productType = "com.apple.product-type.application";
		};
/* End PBXNativeTarget section */

/* Begin PBXProject section */
		F40D9DB41E4B0ADC0076F165 /* Project object */ = {
			isa = PBXProject;
			attributes = {
				LastSwiftUpdateCheck = 0820;
				LastUpgradeCheck = 0820;
				ORGANIZATIONNAME = ZeluLi;
				TargetAttributes = {
					F40D9DBB1E4B0ADC0076F165 = {
						CreatedOnToolsVersion = 8.2.1;
						DevelopmentTeam = AWN3A347S4;
						ProvisioningStyle = Automatic;
					};
				};
			};
			buildConfigurationList = F40D9DB71E4B0ADC0076F165 /* Build configuration list for PBXProject "CGAffineTransformDemo" */;
			compatibilityVersion = "Xcode 3.2";
			developmentRegion = English;
			hasScannedForEncodings = 0;
			knownRegions = (
				en,
				Base,
			);
			mainGroup = F40D9DB31E4B0ADC0076F165;
			productRefGroup = F40D9DBD1E4B0ADC0076F165 /* Products */;
			projectDirPath = "";
			projectRoot = "";
			targets = (
				F40D9DBB1E4B0ADC0076F165 /* CGAffineTransformDemo */,
			);
		};
/* End PBXProject section */

/* Begin PBXResourcesBuildPhase section */
		F40D9DBA1E4B0ADC0076F165 /* Resources */ = {
			isa = PBXResourcesBuildPhase;
			buildActionMask = 2147483647;
			files = (
				F40D9DCA1E4B0ADC0076F165 /* LaunchScreen.storyboard in Resources */,
				F40D9DC71E4B0ADC0076F165 /* Assets.xcassets in Resources */,
				F40D9DC51E4B0ADC0076F165 /* Main.storyboard in Resources */,
			);
			runOnlyForDeploymentPostprocessing = 0;
		};
/* End PBXResourcesBuildPhase section */

/* Begin PBXSourcesBuildPhase section */
		F40D9DB81E4B0ADC0076F165 /* Sources */ = {
			isa = PBXSourcesBuildPhase;
			buildActionMask = 2147483647;
			files = (
				F40D9DD21E4B0D900076F165 /* CEViewExtension.swift in Sources */,
				F40D9DC21E4B0ADC0076F165 /* ViewController.swift in Sources */,
				F40D9DC01E4B0ADC0076F165 /* AppDelegate.swift in Sources */,
			);
			runOnlyForDeploymentPostprocessing = 0;
		};
/* End PBXSourcesBuildPhase section */

/* Begin PBXVariantGroup section */
		F40D9DC31E4B0ADC0076F165 /* Main.storyboard */ = {
			isa = PBXVariantGroup;
			children = (
				F40D9DC41E4B0ADC0076F165 /* Base */,
			);
			name = Main.storyboard;
			sourceTree = "<group>";
		};
		F40D9DC81E4B0ADC0076F165 /* LaunchScreen.storyboard */ = {
			isa = PBXVariantGroup;
			children = (
				F40D9DC91E4B0ADC0076F165 /* Base */,
			);
			name = LaunchScreen.storyboard;
			sourceTree = "<group>";
		};
/* End PBXVariantGroup section */

/* Begin XCBuildConfiguration section */
		F40D9DCC1E4B0ADC0076F165 /* Debug */ = {
			isa = XCBuildConfiguration;
			buildSettings = {
				ALWAYS_SEARCH_USER_PATHS = NO;
				CLANG_ANALYZER_NONNULL = YES;
				CLANG_CXX_LANGUAGE_STANDARD = "gnu++0x";
				CLANG_CXX_LIBRARY = "libc++";
				CLANG_ENABLE_MODULES = YES;
				CLANG_ENABLE_OBJC_ARC = YES;
				CLANG_WARN_BOOL_CONVERSION = YES;
				CLANG_WARN_CONSTANT_CONVERSION = YES;
				CLANG_WARN_DIRECT_OBJC_ISA_USAGE = YES_ERROR;
				CLANG_WARN_DOCUMENTATION_COMMENTS = YES;
				CLANG_WARN_EMPTY_BODY = YES;
				CLANG_WARN_ENUM_CONVERSION = YES;
				CLANG_WARN_INFINITE_RECURSION = YES;
				CLANG_WARN_INT_CONVERSION = YES;
				CLANG_WARN_OBJC_ROOT_CLASS = YES_ERROR;
				CLANG_WARN_SUSPICIOUS_MOVE = YES;
				CLANG_WARN_UNREACHABLE_CODE = YES;
				CLANG_WARN__DUPLICATE_METHOD_MATCH = YES;
				"CODE_SIGN_IDENTITY[sdk=iphoneos*]" = "iPhone Developer";
				COPY_PHASE_STRIP = NO;
				DEBUG_INFORMATION_FORMAT = dwarf;
				ENABLE_STRICT_OBJC_MSGSEND = YES;
				ENABLE_TESTABILITY = YES;
				GCC_C_LANGUAGE_STANDARD = gnu99;
				GCC_DYNAMIC_NO_PIC = NO;
				GCC_NO_COMMON_BLOCKS = YES;
				GCC_OPTIMIZATION_LEVEL = 0;
				GCC_PREPROCESSOR_DEFINITIONS = (
					"DEBUG=1",
					"$(inherited)",
				);
				GCC_WARN_64_TO_32_BIT_CONVERSION = YES;
				GCC_WARN_ABOUT_RETURN_TYPE = YES_ERROR;
				GCC_WARN_UNDECLARED_SELECTOR = YES;
				GCC_WARN_UNINITIALIZED_AUTOS = YES_AGGRESSIVE;
				GCC_WARN_UNUSED_FUNCTION = YES;
				GCC_WARN_UNUSED_VARIABLE = YES;
				IPHONEOS_DEPLOYMENT_TARGET = 10.2;
				MTL_ENABLE_DEBUG_INFO = YES;
				ONLY_ACTIVE_ARCH = YES;
				SDKROOT = iphoneos;
				SWIFT_ACTIVE_COMPILATION_CONDITIONS = DEBUG;
				SWIFT_OPTIMIZATION_LEVEL = "-Onone";
			};
			name = Debug;
		};
		F40D9DCD1E4B0ADC0076F165 /* Release */ = {
			isa = XCBuildConfiguration;
			buildSettings = {
				ALWAYS_SEARCH_USER_PATHS = NO;
				CLANG_ANALYZER_NONNULL = YES;
				CLANG_CXX_LANGUAGE_STANDARD = "gnu++0x";
				CLANG_CXX_LIBRARY = "libc++";
				CLANG_ENABLE_MODULES = YES;
				CLANG_ENABLE_OBJC_ARC = YES;
				CLANG_WARN_BOOL_CONVERSION = YES;
				CLANG_WARN_CONSTANT_CONVERSION = YES;
				CLANG_WARN_DIRECT_OBJC_ISA_USAGE = YES_ERROR;
				CLANG_WARN_DOCUMENTATION_COMMENTS = YES;
				CLANG_WARN_EMPTY_BODY = YES;
				CLANG_WARN_ENUM_CONVERSION = YES;
				CLANG_WARN_INFINITE_RECURSION = YES;
				CLANG_WARN_INT_CONVERSION = YES;
				CLANG_WARN_OBJC_ROOT_CLASS = YES_ERROR;
				CLANG_WARN_SUSPICIOUS_MOVE = YES;
				CLANG_WARN_UNREACHABLE_CODE = YES;
				CLANG_WARN__DUPLICATE_METHOD_MATCH = YES;
				"CODE_SIGN_IDENTITY[sdk=iphoneos*]" = "iPhone Developer";
				COPY_PHASE_STRIP = NO;
				DEBUG_INFORMATION_FORMAT = "dwarf-with-dsym";
				ENABLE_NS_ASSERTIONS = NO;
				ENABLE_STRICT_OBJC_MSGSEND = YES;
				GCC_C_LANGUAGE_STANDARD = gnu99;
				GCC_NO_COMMON_BLOCKS = YES;
				GCC_WARN_64_TO_32_BIT_CONVERSION = YES;
				GCC_WARN_ABOUT_RETURN_TYPE = YES_ERROR;
				GCC_WARN_UNDECLARED_SELECTOR = YES;
				GCC_WARN_UNINITIALIZED_AUTOS = YES_AGGRESSIVE;
				GCC_WARN_UNUSED_FUNCTION = YES;
				GCC_WARN_UNUSED_VARIABLE = YES;
				IPHONEOS_DEPLOYMENT_TARGET = 10.2;
				MTL_ENABLE_DEBUG_INFO = NO;
				SDKROOT = iphoneos;
				SWIFT_OPTIMIZATION_LEVEL = "-Owholemodule";
				VALIDATE_PRODUCT = YES;
			};
			name = Release;
		};
		F40D9DCF1E4B0ADC0076F165 /* Debug */ = {
			isa = XCBuildConfiguration;
			buildSettings = {
				ASSETCATALOG_COMPILER_APPICON_NAME = AppIcon;
				DEVELOPMENT_TEAM = AWN3A347S4;
				INFOPLIST_FILE = CGAffineTransformDemo/Info.plist;
				LD_RUNPATH_SEARCH_PATHS = "$(inherited) @executable_path/Frameworks";
				PRODUCT_BUNDLE_IDENTIFIER = ZeluLi.CGAffineTransformDemo;
				PRODUCT_NAME = "$(TARGET_NAME)";
				SWIFT_VERSION = 3.0;
			};
			name = Debug;
		};
		F40D9DD01E4B0ADC0076F165 /* Release */ = {
			isa = XCBuildConfiguration;
			buildSettings = {
				ASSETCATALOG_COMPILER_APPICON_NAME = AppIcon;
				DEVELOPMENT_TEAM = AWN3A347S4;
				INFOPLIST_FILE = CGAffineTransformDemo/Info.plist;
				LD_RUNPATH_SEARCH_PATHS = "$(inherited) @executable_path/Frameworks";
				PRODUCT_BUNDLE_IDENTIFIER = ZeluLi.CGAffineTransformDemo;
				PRODUCT_NAME = "$(TARGET_NAME)";
				SWIFT_VERSION = 3.0;
			};
			name = Release;
		};
/* End XCBuildConfiguration section */

/* Begin XCConfigurationList section */
		F40D9DB71E4B0ADC0076F165 /* Build configuration list for PBXProject "CGAffineTransformDemo" */ = {
			isa = XCConfigurationList;
			buildConfigurations = (
				F40D9DCC1E4B0ADC0076F165 /* Debug */,
				F40D9DCD1E4B0ADC0076F165 /* Release */,
			);
			defaultConfigurationIsVisible = 0;
			defaultConfigurationName = Release;
		};
		F40D9DCE1E4B0ADC0076F165 /* Build configuration list for PBXNativeTarget "CGAffineTransformDemo" */ = {
			isa = XCConfigurationList;
			buildConfigurations = (
				F40D9DCF1E4B0ADC0076F165 /* Debug */,
				F40D9DD01E4B0ADC0076F165 /* Release */,
			);
			defaultConfigurationIsVisible = 0;
		};
/* End XCConfigurationList section */
	};
	rootObject = F40D9DB41E4B0ADC0076F165 /* Project object */;
}
